
Microsoft Visual Studio Solution File, Format Version 11.00
# Visual Studio 2010
Project("{FAE04EC0-301F-11D3-BF4B-00C04F79EFBC}") = "test_app", "chdk_ptp_test\test_app.csproj", "{CD122D2C-6D0D-4D72-B5C2-99AC28C13A34}"
EndProject
Project("{2150E333-8FDC-42A3-9474-1A3956D46DE8}") = "Solution Items", "Solution Items", "{B04125F6-4EED-400D-AC2A-4C76DE5E660F}"
	ProjectSection(SolutionItems) = preProject
		Documentation.txt = Documentation.txt
		LICENSE_1_0.txt = LICENSE_1_0.txt
	EndProjectSection
EndProject
Project("{FAE04EC0-301F-11D3-BF4B-00C04F79EFBC}") = "CHDKPTPRemote", "CHDKPTPRemote\CHDKPTPRemote.csproj", "{62CD0AE5-1219-4F3D-ACA3-1C40E5028803}"
EndProject
Global
	GlobalSection(SolutionConfigurationPlatforms) = preSolution
		Debug|Any CPU = Debug|Any CPU
		Debug|Mixed Platforms = Debug|Mixed Platforms
		Debug|x86 = Debug|x86
		Release|Any CPU = Release|Any CPU
		Release|Mixed Platforms = Release|Mixed Platforms
		Release|x86 = Release|x86
	EndGlobalSection
	GlobalSection(ProjectConfigurationPlatforms) = postSolution
		{CD122D2C-6D0D-4D72-B5C2-99AC28C13A34}.Debug|Any CPU.ActiveCfg = Debug|x86
		{CD122D2C-6D0D-4D72-B5C2-99AC28C13A34}.Debug|Mixed Platforms.ActiveCfg = Debug|x86
		{CD122D2C-6D0D-4D72-B5C2-99AC28C13A34}.Debug|Mixed Platforms.Build.0 = Debug|x86
		{CD122D2C-6D0D-4D72-B5C2-99AC28C13A34}.Debug|x86.ActiveCfg = Debug|x86
		{CD122D2C-6D0D-4D72-B5C2-99AC28C13A34}.Debug|x86.Build.0 = Debug|x86
		{CD122D2C-6D0D-4D72-B5C2-99AC28C13A34}.Release|Any CPU.ActiveCfg = Release|x86
		{CD122D2C-6D0D-4D72-B5C2-99AC28C13A34}.Release|Mixed Platforms.ActiveCfg = Release|x86
		{CD122D2C-6D0D-4D72-B5C2-99AC28C13A34}.Release|Mixed Platforms.Build.0 = Release|x86
		{CD122D2C-6D0D-4D72-B5C2-99AC28C13A34}.Release|x86.ActiveCfg = Release|x86
		{CD122D2C-6D0D-4D72-B5C2-99AC28C13A34}.Release|x86.Build.0 = Release|x86
		{62CD0AE5-1219-4F3D-ACA3-1C40E5028803}.Debug|Any CPU.ActiveCfg = Debug|Any CPU
		{62CD0AE5-1219-4F3D-ACA3-1C40E5028803}.Debug|Any CPU.Build.0 = Debug|Any CPU
		{62CD0AE5-1219-4F3D-ACA3-1C40E5028803}.Debug|Mixed Platforms.ActiveCfg = Debug|Any CPU
		{62CD0AE5-1219-4F3D-ACA3-1C40E5028803}.Debug|Mixed Platforms.Build.0 = Debug|Any CPU
		{62CD0AE5-1219-4F3D-ACA3-1C40E5028803}.Debug|x86.ActiveCfg = Debug|Any CPU
		{62CD0AE5-1219-4F3D-ACA3-1C40E5028803}.Release|Any CPU.ActiveCfg = Release|Any CPU
		{62CD0AE5-1219-4F3D-ACA3-1C40E5028803}.Release|Any CPU.Build.0 = Release|Any CPU
		{62CD0AE5-1219-4F3D-ACA3-1C40E5028803}.Release|Mixed Platforms.ActiveCfg = Release|Any CPU
		{62CD0AE5-1219-4F3D-ACA3-1C40E5028803}.Release|Mixed Platforms.Build.0 = Release|Any CPU
		{62CD0AE5-1219-4F3D-ACA3-1C40E5028803}.Release|x86.ActiveCfg = Release|Any CPU
	EndGlobalSection
	GlobalSection(SolutionProperties) = preSolution
		HideSolutionNode = FALSE
	EndGlobalSection
EndGlobal
